// !$*UTF8*$!
{
	archiveVersion = 1;
	classes = {
	};
	objectVersion = 55;
	objects = {

/* Begin PBXBuildFile section */
		010B2C5B284A8FF1000810E5 /* CheckboxStyle.swift in Sources */ = {isa = PBXBuildFile; fileRef = 010B2C5A284A8FF1000810E5 /* CheckboxStyle.swift */; };
		010B84BE284E6BE800732AF9 /* PersistenceController.swift in Sources */ = {isa = PBXBuildFile; fileRef = 010B84BD284E6BE800732AF9 /* PersistenceController.swift */; };
		010B84C5284E6F0A00732AF9 /* ESet+CoreDataClass.swift in Sources */ = {isa = PBXBuildFile; fileRef = 010B84BF284E6F0A00732AF9 /* ESet+CoreDataClass.swift */; };
		010B84C7284E6F0A00732AF9 /* ExerciseEntity+CoreDataClass.swift in Sources */ = {isa = PBXBuildFile; fileRef = 010B84C1284E6F0A00732AF9 /* ExerciseEntity+CoreDataClass.swift */; };
		010B84C9284E6F0A00732AF9 /* Workout+CoreDataClass.swift in Sources */ = {isa = PBXBuildFile; fileRef = 010B84C3284E6F0A00732AF9 /* Workout+CoreDataClass.swift */; };
		0159A7442848336A005CDC32 /* IronApp.swift in Sources */ = {isa = PBXBuildFile; fileRef = 0159A7432848336A005CDC32 /* IronApp.swift */; };
		0159A7462848336A005CDC32 /* ContentView.swift in Sources */ = {isa = PBXBuildFile; fileRef = 0159A7452848336A005CDC32 /* ContentView.swift */; };
		0159A7482848336B005CDC32 /* Assets.xcassets in Resources */ = {isa = PBXBuildFile; fileRef = 0159A7472848336B005CDC32 /* Assets.xcassets */; };
		0159A74B2848336B005CDC32 /* Preview Assets.xcassets in Resources */ = {isa = PBXBuildFile; fileRef = 0159A74A2848336B005CDC32 /* Preview Assets.xcassets */; };
		0159A7552848393C005CDC32 /* Iron.xcdatamodeld in Sources */ = {isa = PBXBuildFile; fileRef = 0159A7532848393C005CDC32 /* Iron.xcdatamodeld */; };
		0161D1E1285A6F0E0085320B /* ESetTextfieldView.swift in Sources */ = {isa = PBXBuildFile; fileRef = 0161D1E0285A6F0E0085320B /* ESetTextfieldView.swift */; };
		0161D1E3285BBCD40085320B /* AddExerciseView.swift in Sources */ = {isa = PBXBuildFile; fileRef = 0161D1E2285BBCD40085320B /* AddExerciseView.swift */; };
		0161D1E52866128E0085320B /* SettingsView.swift in Sources */ = {isa = PBXBuildFile; fileRef = 0161D1E42866128E0085320B /* SettingsView.swift */; };
		0161D1E72867B2FB0085320B /* ESetTitleView.swift in Sources */ = {isa = PBXBuildFile; fileRef = 0161D1E62867B2FB0085320B /* ESetTitleView.swift */; };
		0187BC8428493B3900B77DCF /* SetView.swift in Sources */ = {isa = PBXBuildFile; fileRef = 0187BC8328493B3900B77DCF /* SetView.swift */; };
		0187BC8628493C8F00B77DCF /* ExerciseView.swift in Sources */ = {isa = PBXBuildFile; fileRef = 0187BC8528493C8F00B77DCF /* ExerciseView.swift */; };
		0187BC88284979EC00B77DCF /* ClearTextField.swift in Sources */ = {isa = PBXBuildFile; fileRef = 0187BC87284979EC00B77DCF /* ClearTextField.swift */; };
		019135B32874D83B002AF7E2 /* WorkoutRow.swift in Sources */ = {isa = PBXBuildFile; fileRef = 019135B22874D83B002AF7E2 /* WorkoutRow.swift */; };
		019135B52874FB6F002AF7E2 /* EditExerciseView.swift in Sources */ = {isa = PBXBuildFile; fileRef = 019135B42874FB6F002AF7E2 /* EditExerciseView.swift */; };
		019135B92875FEFF002AF7E2 /* ExerciseListView.swift in Sources */ = {isa = PBXBuildFile; fileRef = 019135B82875FEFF002AF7E2 /* ExerciseListView.swift */; };
		019135BD28762053002AF7E2 /* ExerciseFilteredListRow.swift in Sources */ = {isa = PBXBuildFile; fileRef = 019135BC28762053002AF7E2 /* ExerciseFilteredListRow.swift */; };
		019135C428764B5A002AF7E2 /* AddExerciseRow.swift in Sources */ = {isa = PBXBuildFile; fileRef = 019135C328764B5A002AF7E2 /* AddExerciseRow.swift */; };
		019135C6287A5C0A002AF7E2 /* CalendarFilter.swift in Sources */ = {isa = PBXBuildFile; fileRef = 019135C5287A5C0A002AF7E2 /* CalendarFilter.swift */; };
		019135C9287B3024002AF7E2 /* WorkoutTemplate+CoreDataClass.swift in Sources */ = {isa = PBXBuildFile; fileRef = 019135C7287B3024002AF7E2 /* WorkoutTemplate+CoreDataClass.swift */; };
		019135CD287B3184002AF7E2 /* TemplateView.swift in Sources */ = {isa = PBXBuildFile; fileRef = 019135CC287B3184002AF7E2 /* TemplateView.swift */; };
		019135CF287B31A8002AF7E2 /* NewTemplateView.swift in Sources */ = {isa = PBXBuildFile; fileRef = 019135CE287B31A8002AF7E2 /* NewTemplateView.swift */; };
		019135D1287B3B1A002AF7E2 /* TemplateDetailView.swift in Sources */ = {isa = PBXBuildFile; fileRef = 019135D0287B3B1A002AF7E2 /* TemplateDetailView.swift */; };
		0199E14D286CAE21003150C7 /* DismissKeyboardExtension.swift in Sources */ = {isa = PBXBuildFile; fileRef = 0199E14C286CAE21003150C7 /* DismissKeyboardExtension.swift */; };
		01C49C31286E7252006CF1BF /* Exercise+CoreDataClass.swift in Sources */ = {isa = PBXBuildFile; fileRef = 01C49C2F286E7252006CF1BF /* Exercise+CoreDataClass.swift */; };
		01C49C34286E7A61006CF1BF /* ExerciseList.json in Resources */ = {isa = PBXBuildFile; fileRef = 01C49C33286E7A61006CF1BF /* ExerciseList.json */; };
		01C49C36286E7AE4006CF1BF /* ExercisesList.swift in Sources */ = {isa = PBXBuildFile; fileRef = 01C49C35286E7AE4006CF1BF /* ExercisesList.swift */; };
		01C49C39286F6209006CF1BF /* ExerciseEntityCategory+CoreDataClass.swift in Sources */ = {isa = PBXBuildFile; fileRef = 01C49C37286F6209006CF1BF /* ExerciseEntityCategory+CoreDataClass.swift */; };
		01C49C4C286F7443006CF1BF /* ExerciseRow.swift in Sources */ = {isa = PBXBuildFile; fileRef = 01C49C4B286F7443006CF1BF /* ExerciseRow.swift */; };
		01C49C4E286FC5D9006CF1BF /* EditWorkoutView.swift in Sources */ = {isa = PBXBuildFile; fileRef = 01C49C4D286FC5D9006CF1BF /* EditWorkoutView.swift */; };
		01D24AFC286B6E2400CE5255 /* CalendarView.swift in Sources */ = {isa = PBXBuildFile; fileRef = 01D24AFB286B6E2400CE5255 /* CalendarView.swift */; };
		01E5AA732867FC58005C91B6 /* NavigationButton.swift in Sources */ = {isa = PBXBuildFile; fileRef = 01E5AA722867FC58005C91B6 /* NavigationButton.swift */; };
		01E6F6742852416C00D54373 /* AddWorkoutView.swift in Sources */ = {isa = PBXBuildFile; fileRef = 01E6F6732852416C00D54373 /* AddWorkoutView.swift */; };
		01E6F67828524A0300D54373 /* NewExerciseView.swift in Sources */ = {isa = PBXBuildFile; fileRef = 01E6F67728524A0300D54373 /* NewExerciseView.swift */; };
/* End PBXBuildFile section */

/* Begin PBXFileReference section */
		010B2C5A284A8FF1000810E5 /* CheckboxStyle.swift */ = {isa = PBXFileReference; lastKnownFileType = sourcecode.swift; path = CheckboxStyle.swift; sourceTree = "<group>"; };
		010B84BD284E6BE800732AF9 /* PersistenceController.swift */ = {isa = PBXFileReference; lastKnownFileType = sourcecode.swift; path = PersistenceController.swift; sourceTree = "<group>"; };
		010B84BF284E6F0A00732AF9 /* ESet+CoreDataClass.swift */ = {isa = PBXFileReference; lastKnownFileType = sourcecode.swift; path = "ESet+CoreDataClass.swift"; sourceTree = "<group>"; };
		010B84C1284E6F0A00732AF9 /* ExerciseEntity+CoreDataClass.swift */ = {isa = PBXFileReference; lastKnownFileType = sourcecode.swift; path = "ExerciseEntity+CoreDataClass.swift"; sourceTree = "<group>"; };
		010B84C3284E6F0A00732AF9 /* Workout+CoreDataClass.swift */ = {isa = PBXFileReference; lastKnownFileType = sourcecode.swift; path = "Workout+CoreDataClass.swift"; sourceTree = "<group>"; };
		0159A7402848336A005CDC32 /* Iron.app */ = {isa = PBXFileReference; explicitFileType = wrapper.application; includeInIndex = 0; path = Iron.app; sourceTree = BUILT_PRODUCTS_DIR; };
		0159A7432848336A005CDC32 /* IronApp.swift */ = {isa = PBXFileReference; lastKnownFileType = sourcecode.swift; path = IronApp.swift; sourceTree = "<group>"; };
		0159A7452848336A005CDC32 /* ContentView.swift */ = {isa = PBXFileReference; lastKnownFileType = sourcecode.swift; path = ContentView.swift; sourceTree = "<group>"; };
		0159A7472848336B005CDC32 /* Assets.xcassets */ = {isa = PBXFileReference; lastKnownFileType = folder.assetcatalog; path = Assets.xcassets; sourceTree = "<group>"; };
		0159A74A2848336B005CDC32 /* Preview Assets.xcassets */ = {isa = PBXFileReference; lastKnownFileType = folder.assetcatalog; path = "Preview Assets.xcassets"; sourceTree = "<group>"; };
		0159A7542848393C005CDC32 /* Iron.xcdatamodel */ = {isa = PBXFileReference; lastKnownFileType = wrapper.xcdatamodel; path = Iron.xcdatamodel; sourceTree = "<group>"; };
		0161D1E0285A6F0E0085320B /* ESetTextfieldView.swift */ = {isa = PBXFileReference; lastKnownFileType = sourcecode.swift; path = ESetTextfieldView.swift; sourceTree = "<group>"; };
		0161D1E2285BBCD40085320B /* AddExerciseView.swift */ = {isa = PBXFileReference; lastKnownFileType = sourcecode.swift; path = AddExerciseView.swift; sourceTree = "<group>"; };
		0161D1E42866128E0085320B /* SettingsView.swift */ = {isa = PBXFileReference; lastKnownFileType = sourcecode.swift; path = SettingsView.swift; sourceTree = "<group>"; };
		0161D1E62867B2FB0085320B /* ESetTitleView.swift */ = {isa = PBXFileReference; lastKnownFileType = sourcecode.swift; path = ESetTitleView.swift; sourceTree = "<group>"; };
		0187BC8328493B3900B77DCF /* SetView.swift */ = {isa = PBXFileReference; lastKnownFileType = sourcecode.swift; path = SetView.swift; sourceTree = "<group>"; };
		0187BC8528493C8F00B77DCF /* ExerciseView.swift */ = {isa = PBXFileReference; lastKnownFileType = sourcecode.swift; path = ExerciseView.swift; sourceTree = "<group>"; };
		0187BC87284979EC00B77DCF /* ClearTextField.swift */ = {isa = PBXFileReference; lastKnownFileType = sourcecode.swift; path = ClearTextField.swift; sourceTree = "<group>"; };
		019135B22874D83B002AF7E2 /* WorkoutRow.swift */ = {isa = PBXFileReference; lastKnownFileType = sourcecode.swift; path = WorkoutRow.swift; sourceTree = "<group>"; };
		019135B42874FB6F002AF7E2 /* EditExerciseView.swift */ = {isa = PBXFileReference; lastKnownFileType = sourcecode.swift; path = EditExerciseView.swift; sourceTree = "<group>"; };
		019135B82875FEFF002AF7E2 /* ExerciseListView.swift */ = {isa = PBXFileReference; lastKnownFileType = sourcecode.swift; path = ExerciseListView.swift; sourceTree = "<group>"; };
		019135BC28762053002AF7E2 /* ExerciseFilteredListRow.swift */ = {isa = PBXFileReference; lastKnownFileType = sourcecode.swift; path = ExerciseFilteredListRow.swift; sourceTree = "<group>"; };
		019135C328764B5A002AF7E2 /* AddExerciseRow.swift */ = {isa = PBXFileReference; lastKnownFileType = sourcecode.swift; path = AddExerciseRow.swift; sourceTree = "<group>"; };
		019135C5287A5C0A002AF7E2 /* CalendarFilter.swift */ = {isa = PBXFileReference; lastKnownFileType = sourcecode.swift; path = CalendarFilter.swift; sourceTree = "<group>"; };
		019135C7287B3024002AF7E2 /* WorkoutTemplate+CoreDataClass.swift */ = {isa = PBXFileReference; lastKnownFileType = sourcecode.swift; path = "WorkoutTemplate+CoreDataClass.swift"; sourceTree = "<group>"; };
		019135CC287B3184002AF7E2 /* TemplateView.swift */ = {isa = PBXFileReference; lastKnownFileType = sourcecode.swift; path = TemplateView.swift; sourceTree = "<group>"; };
		019135CE287B31A8002AF7E2 /* NewTemplateView.swift */ = {isa = PBXFileReference; lastKnownFileType = sourcecode.swift; path = NewTemplateView.swift; sourceTree = "<group>"; };
		019135D0287B3B1A002AF7E2 /* TemplateDetailView.swift */ = {isa = PBXFileReference; lastKnownFileType = sourcecode.swift; path = TemplateDetailView.swift; sourceTree = "<group>"; };
		0199E14C286CAE21003150C7 /* DismissKeyboardExtension.swift */ = {isa = PBXFileReference; lastKnownFileType = sourcecode.swift; path = DismissKeyboardExtension.swift; sourceTree = "<group>"; };
		01C49C2F286E7252006CF1BF /* Exercise+CoreDataClass.swift */ = {isa = PBXFileReference; lastKnownFileType = sourcecode.swift; path = "Exercise+CoreDataClass.swift"; sourceTree = "<group>"; };
		01C49C33286E7A61006CF1BF /* ExerciseList.json */ = {isa = PBXFileReference; fileEncoding = 4; lastKnownFileType = text.json; path = ExerciseList.json; sourceTree = "<group>"; };
		01C49C35286E7AE4006CF1BF /* ExercisesList.swift */ = {isa = PBXFileReference; lastKnownFileType = sourcecode.swift; path = ExercisesList.swift; sourceTree = "<group>"; };
		01C49C37286F6209006CF1BF /* ExerciseEntityCategory+CoreDataClass.swift */ = {isa = PBXFileReference; lastKnownFileType = sourcecode.swift; path = "ExerciseEntityCategory+CoreDataClass.swift"; sourceTree = "<group>"; };
		01C49C4B286F7443006CF1BF /* ExerciseRow.swift */ = {isa = PBXFileReference; lastKnownFileType = sourcecode.swift; path = ExerciseRow.swift; sourceTree = "<group>"; };
		01C49C4D286FC5D9006CF1BF /* EditWorkoutView.swift */ = {isa = PBXFileReference; lastKnownFileType = sourcecode.swift; path = EditWorkoutView.swift; sourceTree = "<group>"; };
		01D24AFB286B6E2400CE5255 /* CalendarView.swift */ = {isa = PBXFileReference; lastKnownFileType = sourcecode.swift; path = CalendarView.swift; sourceTree = "<group>"; };
		01E5AA722867FC58005C91B6 /* NavigationButton.swift */ = {isa = PBXFileReference; lastKnownFileType = sourcecode.swift; path = NavigationButton.swift; sourceTree = "<group>"; };
		01E6F6732852416C00D54373 /* AddWorkoutView.swift */ = {isa = PBXFileReference; lastKnownFileType = sourcecode.swift; path = AddWorkoutView.swift; sourceTree = "<group>"; };
		01E6F67728524A0300D54373 /* NewExerciseView.swift */ = {isa = PBXFileReference; lastKnownFileType = sourcecode.swift; path = NewExerciseView.swift; sourceTree = "<group>"; };
/* End PBXFileReference section */

/* Begin PBXFrameworksBuildPhase section */
		0159A73D2848336A005CDC32 /* Frameworks */ = {
			isa = PBXFrameworksBuildPhase;
			buildActionMask = 2147483647;
			files = (
			);
			runOnlyForDeploymentPostprocessing = 0;
		};
/* End PBXFrameworksBuildPhase section */

/* Begin PBXGroup section */
		0159A7372848336A005CDC32 = {
			isa = PBXGroup;
			children = (
				0159A7422848336A005CDC32 /* Iron */,
				0159A7412848336A005CDC32 /* Products */,
			);
			sourceTree = "<group>";
		};
		0159A7412848336A005CDC32 /* Products */ = {
			isa = PBXGroup;
			children = (
				0159A7402848336A005CDC32 /* Iron.app */,
			);
			name = Products;
			sourceTree = "<group>";
		};
		0159A7422848336A005CDC32 /* Iron */ = {
			isa = PBXGroup;
			children = (
				0159A7432848336A005CDC32 /* IronApp.swift */,
				01C49C35286E7AE4006CF1BF /* ExercisesList.swift */,
				01C49C33286E7A61006CF1BF /* ExerciseList.json */,
				01E6F6752852484C00D54373 /* Views */,
				0199E149286CADE7003150C7 /* Extensions */,
				0159A7472848336B005CDC32 /* Assets.xcassets */,
				0159A7622848453A005CDC32 /* CoreData */,
				0159A7492848336B005CDC32 /* Preview Content */,
			);
			path = Iron;
			sourceTree = "<group>";
		};
		0159A7492848336B005CDC32 /* Preview Content */ = {
			isa = PBXGroup;
			children = (
				0159A74A2848336B005CDC32 /* Preview Assets.xcassets */,
			);
			path = "Preview Content";
			sourceTree = "<group>";
		};
		0159A7622848453A005CDC32 /* CoreData */ = {
			isa = PBXGroup;
			children = (
				0159A7532848393C005CDC32 /* Iron.xcdatamodeld */,
				010B84BD284E6BE800732AF9 /* PersistenceController.swift */,
				01C49C37286F6209006CF1BF /* ExerciseEntityCategory+CoreDataClass.swift */,
				01C49C2F286E7252006CF1BF /* Exercise+CoreDataClass.swift */,
				019135C7287B3024002AF7E2 /* WorkoutTemplate+CoreDataClass.swift */,
				010B84C3284E6F0A00732AF9 /* Workout+CoreDataClass.swift */,
				010B84C1284E6F0A00732AF9 /* ExerciseEntity+CoreDataClass.swift */,
				010B84BF284E6F0A00732AF9 /* ESet+CoreDataClass.swift */,
			);
			path = CoreData;
			sourceTree = "<group>";
		};
		019135BE28762058002AF7E2 /* Exercise List */ = {
			isa = PBXGroup;
			children = (
				019135B82875FEFF002AF7E2 /* ExerciseListView.swift */,
				019135BC28762053002AF7E2 /* ExerciseFilteredListRow.swift */,
				01E6F67728524A0300D54373 /* NewExerciseView.swift */,
				019135B42874FB6F002AF7E2 /* EditExerciseView.swift */,
			);
			path = "Exercise List";
			sourceTree = "<group>";
		};
		019135BF2876495D002AF7E2 /* Exercise View */ = {
			isa = PBXGroup;
			children = (
				0187BC8528493C8F00B77DCF /* ExerciseView.swift */,
				01C49C4B286F7443006CF1BF /* ExerciseRow.swift */,
				019135C028764AEA002AF7E2 /* Add Exercise View */,
			);
			path = "Exercise View";
			sourceTree = "<group>";
		};
		019135C028764AEA002AF7E2 /* Add Exercise View */ = {
			isa = PBXGroup;
			children = (
				0161D1E2285BBCD40085320B /* AddExerciseView.swift */,
				019135C328764B5A002AF7E2 /* AddExerciseRow.swift */,
			);
			path = "Add Exercise View";
			sourceTree = "<group>";
		};
		019135CB287B3142002AF7E2 /* Workout Template */ = {
			isa = PBXGroup;
			children = (
				019135CC287B3184002AF7E2 /* TemplateView.swift */,
				019135D0287B3B1A002AF7E2 /* TemplateDetailView.swift */,
				019135CE287B31A8002AF7E2 /* NewTemplateView.swift */,
			);
			path = "Workout Template";
			sourceTree = "<group>";
		};
		0199E149286CADE7003150C7 /* Extensions */ = {
			isa = PBXGroup;
			children = (
				0199E14C286CAE21003150C7 /* DismissKeyboardExtension.swift */,
			);
			path = Extensions;
			sourceTree = "<group>";
		};
		01D24AFF286B7EC100CE5255 /* Log View */ = {
			isa = PBXGroup;
			children = (
				01D24AFB286B6E2400CE5255 /* CalendarView.swift */,
				019135C5287A5C0A002AF7E2 /* CalendarFilter.swift */,
				019135B22874D83B002AF7E2 /* WorkoutRow.swift */,
				01E6F6732852416C00D54373 /* AddWorkoutView.swift */,
				01C49C4D286FC5D9006CF1BF /* EditWorkoutView.swift */,
			);
			path = "Log View";
			sourceTree = "<group>";
		};
		01E5AA742867FD7B005C91B6 /* Set VIew */ = {
			isa = PBXGroup;
			children = (
				0187BC8328493B3900B77DCF /* SetView.swift */,
				0161D1E62867B2FB0085320B /* ESetTitleView.swift */,
				0161D1E0285A6F0E0085320B /* ESetTextfieldView.swift */,
			);
			path = "Set VIew";
			sourceTree = "<group>";
		};
		01E6F6752852484C00D54373 /* Views */ = {
			isa = PBXGroup;
			children = (
				0159A7452848336A005CDC32 /* ContentView.swift */,
				0161D1E42866128E0085320B /* SettingsView.swift */,
				019135CB287B3142002AF7E2 /* Workout Template */,
				019135BF2876495D002AF7E2 /* Exercise View */,
				019135BE28762058002AF7E2 /* Exercise List */,
				01D24AFF286B7EC100CE5255 /* Log View */,
				01E5AA742867FD7B005C91B6 /* Set VIew */,
				01E6F6762852486A00D54373 /* Supporting Views */,
			);
			path = Views;
			sourceTree = "<group>";
		};
		01E6F6762852486A00D54373 /* Supporting Views */ = {
			isa = PBXGroup;
			children = (
				01E5AA722867FC58005C91B6 /* NavigationButton.swift */,
				010B2C5A284A8FF1000810E5 /* CheckboxStyle.swift */,
				0187BC87284979EC00B77DCF /* ClearTextField.swift */,
			);
			path = "Supporting Views";
			sourceTree = "<group>";
		};
/* End PBXGroup section */

/* Begin PBXNativeTarget section */
		0159A73F2848336A005CDC32 /* Iron */ = {
			isa = PBXNativeTarget;
			buildConfigurationList = 0159A74E2848336B005CDC32 /* Build configuration list for PBXNativeTarget "Iron" */;
			buildPhases = (
				0159A73C2848336A005CDC32 /* Sources */,
				0159A73D2848336A005CDC32 /* Frameworks */,
				0159A73E2848336A005CDC32 /* Resources */,
			);
			buildRules = (
			);
			dependencies = (
			);
			name = Iron;
			packageProductDependencies = (
			);
			productName = Iron;
			productReference = 0159A7402848336A005CDC32 /* Iron.app */;
			productType = "com.apple.product-type.application";
		};
/* End PBXNativeTarget section */

/* Begin PBXProject section */
		0159A7382848336A005CDC32 /* Project object */ = {
			isa = PBXProject;
			attributes = {
				BuildIndependentTargetsInParallel = 1;
				LastSwiftUpdateCheck = 1340;
				LastUpgradeCheck = 1340;
				TargetAttributes = {
					0159A73F2848336A005CDC32 = {
						CreatedOnToolsVersion = 13.4;
					};
				};
			};
			buildConfigurationList = 0159A73B2848336A005CDC32 /* Build configuration list for PBXProject "Iron" */;
			compatibilityVersion = "Xcode 13.0";
			developmentRegion = en;
			hasScannedForEncodings = 0;
			knownRegions = (
				en,
				Base,
			);
			mainGroup = 0159A7372848336A005CDC32;
			packageReferences = (
			);
			productRefGroup = 0159A7412848336A005CDC32 /* Products */;
			projectDirPath = "";
			projectRoot = "";
			targets = (
				0159A73F2848336A005CDC32 /* Iron */,
			);
		};
/* End PBXProject section */

/* Begin PBXResourcesBuildPhase section */
		0159A73E2848336A005CDC32 /* Resources */ = {
			isa = PBXResourcesBuildPhase;
			buildActionMask = 2147483647;
			files = (
				0159A74B2848336B005CDC32 /* Preview Assets.xcassets in Resources */,
				0159A7482848336B005CDC32 /* Assets.xcassets in Resources */,
				01C49C34286E7A61006CF1BF /* ExerciseList.json in Resources */,
			);
			runOnlyForDeploymentPostprocessing = 0;
		};
/* End PBXResourcesBuildPhase section */

/* Begin PBXSourcesBuildPhase section */
		0159A73C2848336A005CDC32 /* Sources */ = {
			isa = PBXSourcesBuildPhase;
			buildActionMask = 2147483647;
			files = (
				0161D1E52866128E0085320B /* SettingsView.swift in Sources */,
				019135C9287B3024002AF7E2 /* WorkoutTemplate+CoreDataClass.swift in Sources */,
				01E6F6742852416C00D54373 /* AddWorkoutView.swift in Sources */,
				01D24AFC286B6E2400CE5255 /* CalendarView.swift in Sources */,
				0187BC8628493C8F00B77DCF /* ExerciseView.swift in Sources */,
				01C49C4E286FC5D9006CF1BF /* EditWorkoutView.swift in Sources */,
				010B84C9284E6F0A00732AF9 /* Workout+CoreDataClass.swift in Sources */,
				01E5AA732867FC58005C91B6 /* NavigationButton.swift in Sources */,
				019135C428764B5A002AF7E2 /* AddExerciseRow.swift in Sources */,
				01C49C36286E7AE4006CF1BF /* ExercisesList.swift in Sources */,
				0159A7462848336A005CDC32 /* ContentView.swift in Sources */,
				0187BC88284979EC00B77DCF /* ClearTextField.swift in Sources */,
				019135B32874D83B002AF7E2 /* WorkoutRow.swift in Sources */,
				0159A7552848393C005CDC32 /* Iron.xcdatamodeld in Sources */,
				019135D1287B3B1A002AF7E2 /* TemplateDetailView.swift in Sources */,
				0161D1E3285BBCD40085320B /* AddExerciseView.swift in Sources */,
				0187BC8428493B3900B77DCF /* SetView.swift in Sources */,
				01E6F67828524A0300D54373 /* NewExerciseView.swift in Sources */,
				019135B92875FEFF002AF7E2 /* ExerciseListView.swift in Sources */,
				010B84C5284E6F0A00732AF9 /* ESet+CoreDataClass.swift in Sources */,
				010B2C5B284A8FF1000810E5 /* CheckboxStyle.swift in Sources */,
				019135CD287B3184002AF7E2 /* TemplateView.swift in Sources */,
				019135CF287B31A8002AF7E2 /* NewTemplateView.swift in Sources */,
				01C49C4C286F7443006CF1BF /* ExerciseRow.swift in Sources */,
				010B84C7284E6F0A00732AF9 /* ExerciseEntity+CoreDataClass.swift in Sources */,
				019135B52874FB6F002AF7E2 /* EditExerciseView.swift in Sources */,
				01C49C39286F6209006CF1BF /* ExerciseEntityCategory+CoreDataClass.swift in Sources */,
				0161D1E1285A6F0E0085320B /* ESetTextfieldView.swift in Sources */,
				0159A7442848336A005CDC32 /* IronApp.swift in Sources */,
				01C49C31286E7252006CF1BF /* Exercise+CoreDataClass.swift in Sources */,
				0161D1E72867B2FB0085320B /* ESetTitleView.swift in Sources */,
				010B84BE284E6BE800732AF9 /* PersistenceController.swift in Sources */,
				0199E14D286CAE21003150C7 /* DismissKeyboardExtension.swift in Sources */,
				019135C6287A5C0A002AF7E2 /* CalendarFilter.swift in Sources */,
				019135BD28762053002AF7E2 /* ExerciseFilteredListRow.swift in Sources */,
			);
			runOnlyForDeploymentPostprocessing = 0;
		};
/* End PBXSourcesBuildPhase section */

/* Begin XCBuildConfiguration section */
		0159A74C2848336B005CDC32 /* Debug */ = {
			isa = XCBuildConfiguration;
			buildSettings = {
				ALWAYS_SEARCH_USER_PATHS = NO;
				CLANG_ANALYZER_NONNULL = YES;
				CLANG_ANALYZER_NUMBER_OBJECT_CONVERSION = YES_AGGRESSIVE;
				CLANG_CXX_LANGUAGE_STANDARD = "gnu++17";
				CLANG_ENABLE_MODULES = YES;
				CLANG_ENABLE_OBJC_ARC = YES;
				CLANG_ENABLE_OBJC_WEAK = YES;
				CLANG_WARN_BLOCK_CAPTURE_AUTORELEASING = YES;
				CLANG_WARN_BOOL_CONVERSION = YES;
				CLANG_WARN_COMMA = YES;
				CLANG_WARN_CONSTANT_CONVERSION = YES;
				CLANG_WARN_DEPRECATED_OBJC_IMPLEMENTATIONS = YES;
				CLANG_WARN_DIRECT_OBJC_ISA_USAGE = YES_ERROR;
				CLANG_WARN_DOCUMENTATION_COMMENTS = YES;
				CLANG_WARN_EMPTY_BODY = YES;
				CLANG_WARN_ENUM_CONVERSION = YES;
				CLANG_WARN_INFINITE_RECURSION = YES;
				CLANG_WARN_INT_CONVERSION = YES;
				CLANG_WARN_NON_LITERAL_NULL_CONVERSION = YES;
				CLANG_WARN_OBJC_IMPLICIT_RETAIN_SELF = YES;
				CLANG_WARN_OBJC_LITERAL_CONVERSION = YES;
				CLANG_WARN_OBJC_ROOT_CLASS = YES_ERROR;
				CLANG_WARN_QUOTED_INCLUDE_IN_FRAMEWORK_HEADER = YES;
				CLANG_WARN_RANGE_LOOP_ANALYSIS = YES;
				CLANG_WARN_STRICT_PROTOTYPES = YES;
				CLANG_WARN_SUSPICIOUS_MOVE = YES;
				CLANG_WARN_UNGUARDED_AVAILABILITY = YES_AGGRESSIVE;
				CLANG_WARN_UNREACHABLE_CODE = YES;
				CLANG_WARN__DUPLICATE_METHOD_MATCH = YES;
				COPY_PHASE_STRIP = NO;
				DEBUG_INFORMATION_FORMAT = dwarf;
				ENABLE_STRICT_OBJC_MSGSEND = YES;
				ENABLE_TESTABILITY = YES;
				GCC_C_LANGUAGE_STANDARD = gnu11;
				GCC_DYNAMIC_NO_PIC = NO;
				GCC_NO_COMMON_BLOCKS = YES;
				GCC_OPTIMIZATION_LEVEL = 0;
				GCC_PREPROCESSOR_DEFINITIONS = (
					"DEBUG=1",
					"$(inherited)",
				);
				GCC_WARN_64_TO_32_BIT_CONVERSION = YES;
				GCC_WARN_ABOUT_RETURN_TYPE = YES_ERROR;
				GCC_WARN_UNDECLARED_SELECTOR = YES;
				GCC_WARN_UNINITIALIZED_AUTOS = YES_AGGRESSIVE;
				GCC_WARN_UNUSED_FUNCTION = YES;
				GCC_WARN_UNUSED_VARIABLE = YES;
				IPHONEOS_DEPLOYMENT_TARGET = 15.5;
				MTL_ENABLE_DEBUG_INFO = INCLUDE_SOURCE;
				MTL_FAST_MATH = YES;
				ONLY_ACTIVE_ARCH = YES;
				SDKROOT = iphoneos;
				SWIFT_ACTIVE_COMPILATION_CONDITIONS = DEBUG;
				SWIFT_OPTIMIZATION_LEVEL = "-Onone";
			};
			name = Debug;
		};
		0159A74D2848336B005CDC32 /* Release */ = {
			isa = XCBuildConfiguration;
			buildSettings = {
				ALWAYS_SEARCH_USER_PATHS = NO;
				CLANG_ANALYZER_NONNULL = YES;
				CLANG_ANALYZER_NUMBER_OBJECT_CONVERSION = YES_AGGRESSIVE;
				CLANG_CXX_LANGUAGE_STANDARD = "gnu++17";
				CLANG_ENABLE_MODULES = YES;
				CLANG_ENABLE_OBJC_ARC = YES;
				CLANG_ENABLE_OBJC_WEAK = YES;
				CLANG_WARN_BLOCK_CAPTURE_AUTORELEASING = YES;
				CLANG_WARN_BOOL_CONVERSION = YES;
				CLANG_WARN_COMMA = YES;
				CLANG_WARN_CONSTANT_CONVERSION = YES;
				CLANG_WARN_DEPRECATED_OBJC_IMPLEMENTATIONS = YES;
				CLANG_WARN_DIRECT_OBJC_ISA_USAGE = YES_ERROR;
				CLANG_WARN_DOCUMENTATION_COMMENTS = YES;
				CLANG_WARN_EMPTY_BODY = YES;
				CLANG_WARN_ENUM_CONVERSION = YES;
				CLANG_WARN_INFINITE_RECURSION = YES;
				CLANG_WARN_INT_CONVERSION = YES;
				CLANG_WARN_NON_LITERAL_NULL_CONVERSION = YES;
				CLANG_WARN_OBJC_IMPLICIT_RETAIN_SELF = YES;
				CLANG_WARN_OBJC_LITERAL_CONVERSION = YES;
				CLANG_WARN_OBJC_ROOT_CLASS = YES_ERROR;
				CLANG_WARN_QUOTED_INCLUDE_IN_FRAMEWORK_HEADER = YES;
				CLANG_WARN_RANGE_LOOP_ANALYSIS = YES;
				CLANG_WARN_STRICT_PROTOTYPES = YES;
				CLANG_WARN_SUSPICIOUS_MOVE = YES;
				CLANG_WARN_UNGUARDED_AVAILABILITY = YES_AGGRESSIVE;
				CLANG_WARN_UNREACHABLE_CODE = YES;
				CLANG_WARN__DUPLICATE_METHOD_MATCH = YES;
				COPY_PHASE_STRIP = NO;
				DEBUG_INFORMATION_FORMAT = "dwarf-with-dsym";
				ENABLE_NS_ASSERTIONS = NO;
				ENABLE_STRICT_OBJC_MSGSEND = YES;
				GCC_C_LANGUAGE_STANDARD = gnu11;
				GCC_NO_COMMON_BLOCKS = YES;
				GCC_WARN_64_TO_32_BIT_CONVERSION = YES;
				GCC_WARN_ABOUT_RETURN_TYPE = YES_ERROR;
				GCC_WARN_UNDECLARED_SELECTOR = YES;
				GCC_WARN_UNINITIALIZED_AUTOS = YES_AGGRESSIVE;
				GCC_WARN_UNUSED_FUNCTION = YES;
				GCC_WARN_UNUSED_VARIABLE = YES;
				IPHONEOS_DEPLOYMENT_TARGET = 15.5;
				MTL_ENABLE_DEBUG_INFO = NO;
				MTL_FAST_MATH = YES;
				SDKROOT = iphoneos;
				SWIFT_COMPILATION_MODE = wholemodule;
				SWIFT_OPTIMIZATION_LEVEL = "-O";
				VALIDATE_PRODUCT = YES;
			};
			name = Release;
		};
		0159A74F2848336B005CDC32 /* Debug */ = {
			isa = XCBuildConfiguration;
			buildSettings = {
				ASSETCATALOG_COMPILER_APPICON_NAME = AppIcon;
				ASSETCATALOG_COMPILER_GLOBAL_ACCENT_COLOR_NAME = AccentColor;
				CODE_SIGN_STYLE = Automatic;
				CURRENT_PROJECT_VERSION = 1;
				DEVELOPMENT_ASSET_PATHS = "\"Iron/Preview Content\"";
				DEVELOPMENT_TEAM = FWNDZR6Z78;
				ENABLE_PREVIEWS = YES;
				GENERATE_INFOPLIST_FILE = YES;
				INFOPLIST_KEY_UIApplicationSceneManifest_Generation = YES;
				INFOPLIST_KEY_UIApplicationSupportsIndirectInputEvents = YES;
				INFOPLIST_KEY_UILaunchScreen_Generation = YES;
				INFOPLIST_KEY_UISupportedInterfaceOrientations_iPad = "UIInterfaceOrientationPortrait UIInterfaceOrientationPortraitUpsideDown UIInterfaceOrientationLandscapeLeft UIInterfaceOrientationLandscapeRight";
				INFOPLIST_KEY_UISupportedInterfaceOrientations_iPhone = "UIInterfaceOrientationPortrait UIInterfaceOrientationLandscapeLeft UIInterfaceOrientationLandscapeRight";
				LD_RUNPATH_SEARCH_PATHS = (
					"$(inherited)",
					"@executable_path/Frameworks",
				);
				MARKETING_VERSION = 1.0;
				PRODUCT_BUNDLE_IDENTIFIER = com.nickschwab.Iron;
				PRODUCT_NAME = "$(TARGET_NAME)";
				SWIFT_EMIT_LOC_STRINGS = YES;
				SWIFT_VERSION = 5.0;
				TARGETED_DEVICE_FAMILY = "1,2";
			};
			name = Debug;
		};
		0159A7502848336B005CDC32 /* Release */ = {
			isa = XCBuildConfiguration;
			buildSettings = {
				ASSETCATALOG_COMPILER_APPICON_NAME = AppIcon;
				ASSETCATALOG_COMPILER_GLOBAL_ACCENT_COLOR_NAME = AccentColor;
				CODE_SIGN_STYLE = Automatic;
				CURRENT_PROJECT_VERSION = 1;
				DEVELOPMENT_ASSET_PATHS = "\"Iron/Preview Content\"";
				DEVELOPMENT_TEAM = FWNDZR6Z78;
				ENABLE_PREVIEWS = YES;
				GENERATE_INFOPLIST_FILE = YES;
				INFOPLIST_KEY_UIApplicationSceneManifest_Generation = YES;
				INFOPLIST_KEY_UIApplicationSupportsIndirectInputEvents = YES;
				INFOPLIST_KEY_UILaunchScreen_Generation = YES;
				INFOPLIST_KEY_UISupportedInterfaceOrientations_iPad = "UIInterfaceOrientationPortrait UIInterfaceOrientationPortraitUpsideDown UIInterfaceOrientationLandscapeLeft UIInterfaceOrientationLandscapeRight";
				INFOPLIST_KEY_UISupportedInterfaceOrientations_iPhone = "UIInterfaceOrientationPortrait UIInterfaceOrientationLandscapeLeft UIInterfaceOrientationLandscapeRight";
				LD_RUNPATH_SEARCH_PATHS = (
					"$(inherited)",
					"@executable_path/Frameworks",
				);
				MARKETING_VERSION = 1.0;
				PRODUCT_BUNDLE_IDENTIFIER = com.nickschwab.Iron;
				PRODUCT_NAME = "$(TARGET_NAME)";
				SWIFT_EMIT_LOC_STRINGS = YES;
				SWIFT_VERSION = 5.0;
				TARGETED_DEVICE_FAMILY = "1,2";
			};
			name = Release;
		};
/* End XCBuildConfiguration section */

/* Begin XCConfigurationList section */
		0159A73B2848336A005CDC32 /* Build configuration list for PBXProject "Iron" */ = {
			isa = XCConfigurationList;
			buildConfigurations = (
				0159A74C2848336B005CDC32 /* Debug */,
				0159A74D2848336B005CDC32 /* Release */,
			);
			defaultConfigurationIsVisible = 0;
			defaultConfigurationName = Release;
		};
		0159A74E2848336B005CDC32 /* Build configuration list for PBXNativeTarget "Iron" */ = {
			isa = XCConfigurationList;
			buildConfigurations = (
				0159A74F2848336B005CDC32 /* Debug */,
				0159A7502848336B005CDC32 /* Release */,
			);
			defaultConfigurationIsVisible = 0;
			defaultConfigurationName = Release;
		};
/* End XCConfigurationList section */

/* Begin XCVersionGroup section */
		0159A7532848393C005CDC32 /* Iron.xcdatamodeld */ = {
			isa = XCVersionGroup;
			children = (
				0159A7542848393C005CDC32 /* Iron.xcdatamodel */,
			);
			currentVersion = 0159A7542848393C005CDC32 /* Iron.xcdatamodel */;
			path = Iron.xcdatamodeld;
			sourceTree = "<group>";
			versionGroupType = wrapper.xcdatamodel;
		};
/* End XCVersionGroup section */
	};
	rootObject = 0159A7382848336A005CDC32 /* Project object */;
}
